
Microsoft Visual Studio Solution File, Format Version 12.00
# Visual Studio 15
VisualStudioVersion = 15.0.28307.539
MinimumVisualStudioVersion = 10.0.40219.1
Project("{FAE04EC0-301F-11D3-BF4B-00C04F79EFBC}") = "WebStore", "WebStore\WebStore.csproj", "{349EA0B3-C4FF-4479-B46B-386ABC622F5A}"
EndProject
Global
	GlobalSection(SolutionConfigurationPlatforms) = preSolution
		Debug|Any CPU = Debug|Any CPU
		Release|Any CPU = Release|Any CPU
	EndGlobalSection
	GlobalSection(ProjectConfigurationPlatforms) = postSolution
		{349EA0B3-C4FF-4479-B46B-386ABC622F5A}.Debug|Any CPU.ActiveCfg = Debug|Any CPU
		{349EA0B3-C4FF-4479-B46B-386ABC622F5A}.Debug|Any CPU.Build.0 = Debug|Any CPU
		{349EA0B3-C4FF-4479-B46B-386ABC622F5A}.Release|Any CPU.ActiveCfg = Release|Any CPU
		{349EA0B3-C4FF-4479-B46B-386ABC622F5A}.Release|Any CPU.Build.0 = Release|Any CPU
	EndGlobalSection
	GlobalSection(SolutionProperties) = preSolution
		HideSolutionNode = FALSE
	EndGlobalSection
	GlobalSection(ExtensibilityGlobals) = postSolution
		SolutionGuid = {3CC443A5-16E2-4F95-B1AA-E11E842C9B98}
	EndGlobalSection
EndGlobal
